// !$*UTF8*$!
{
	archiveVersion = 1;
	classes = {
	};
	objectVersion = 50;
	objects = {

/* Begin PBXBuildFile section */
		8439CE4A22703C2F00556C4B /* AppDelegate.swift in Sources */ = {isa = PBXBuildFile; fileRef = 8439CE4922703C2F00556C4B /* AppDelegate.swift */; };
		8439CE4C22703C2F00556C4B /* ViewController.swift in Sources */ = {isa = PBXBuildFile; fileRef = 8439CE4B22703C2F00556C4B /* ViewController.swift */; };
		8439CE4F22703C2F00556C4B /* Main.storyboard in Resources */ = {isa = PBXBuildFile; fileRef = 8439CE4D22703C2F00556C4B /* Main.storyboard */; };
		8439CE5222703C2F00556C4B /* _806021630053.xcdatamodeld in Sources */ = {isa = PBXBuildFile; fileRef = 8439CE5022703C2F00556C4B /* _806021630053.xcdatamodeld */; };
		8439CE5422703C3700556C4B /* Assets.xcassets in Resources */ = {isa = PBXBuildFile; fileRef = 8439CE5322703C3700556C4B /* Assets.xcassets */; };
		8439CE5722703C3700556C4B /* LaunchScreen.storyboard in Resources */ = {isa = PBXBuildFile; fileRef = 8439CE5522703C3700556C4B /* LaunchScreen.storyboard */; };
		8439CE6222703C3700556C4B /* _806021630053Tests.swift in Sources */ = {isa = PBXBuildFile; fileRef = 8439CE6122703C3700556C4B /* _806021630053Tests.swift */; };
		8439CE6D22703C3700556C4B /* _806021630053UITests.swift in Sources */ = {isa = PBXBuildFile; fileRef = 8439CE6C22703C3700556C4B /* _806021630053UITests.swift */; };
/* End PBXBuildFile section */

/* Begin PBXContainerItemProxy section */
		8439CE5E22703C3700556C4B /* PBXContainerItemProxy */ = {
			isa = PBXContainerItemProxy;
			containerPortal = 8439CE3E22703C2F00556C4B /* Project object */;
			proxyType = 1;
			remoteGlobalIDString = 8439CE4522703C2F00556C4B;
			remoteInfo = 5806021630053;
		};
		8439CE6922703C3700556C4B /* PBXContainerItemProxy */ = {
			isa = PBXContainerItemProxy;
			containerPortal = 8439CE3E22703C2F00556C4B /* Project object */;
			proxyType = 1;
			remoteGlobalIDString = 8439CE4522703C2F00556C4B;
			remoteInfo = 5806021630053;
		};
/* End PBXContainerItemProxy section */

/* Begin PBXFileReference section */
		8439CE4622703C2F00556C4B /* 5806021630053.app */ = {isa = PBXFileReference; explicitFileType = wrapper.application; includeInIndex = 0; path = 5806021630053.app; sourceTree = BUILT_PRODUCTS_DIR; };
		8439CE4922703C2F00556C4B /* AppDelegate.swift */ = {isa = PBXFileReference; lastKnownFileType = sourcecode.swift; path = AppDelegate.swift; sourceTree = "<group>"; };
		8439CE4B22703C2F00556C4B /* ViewController.swift */ = {isa = PBXFileReference; lastKnownFileType = sourcecode.swift; path = ViewController.swift; sourceTree = "<group>"; };
		8439CE4E22703C2F00556C4B /* Base */ = {isa = PBXFileReference; lastKnownFileType = file.storyboard; name = Base; path = Base.lproj/Main.storyboard; sourceTree = "<group>"; };
		8439CE5122703C2F00556C4B /* _806021630053.xcdatamodel */ = {isa = PBXFileReference; lastKnownFileType = wrapper.xcdatamodel; path = _806021630053.xcdatamodel; sourceTree = "<group>"; };
		8439CE5322703C3700556C4B /* Assets.xcassets */ = {isa = PBXFileReference; lastKnownFileType = folder.assetcatalog; path = Assets.xcassets; sourceTree = "<group>"; };
		8439CE5622703C3700556C4B /* Base */ = {isa = PBXFileReference; lastKnownFileType = file.storyboard; name = Base; path = Base.lproj/LaunchScreen.storyboard; sourceTree = "<group>"; };
		8439CE5822703C3700556C4B /* Info.plist */ = {isa = PBXFileReference; lastKnownFileType = text.plist.xml; path = Info.plist; sourceTree = "<group>"; };
		8439CE5D22703C3700556C4B /* 5806021630053Tests.xctest */ = {isa = PBXFileReference; explicitFileType = wrapper.cfbundle; includeInIndex = 0; path = 5806021630053Tests.xctest; sourceTree = BUILT_PRODUCTS_DIR; };
		8439CE6122703C3700556C4B /* _806021630053Tests.swift */ = {isa = PBXFileReference; lastKnownFileType = sourcecode.swift; path = _806021630053Tests.swift; sourceTree = "<group>"; };
		8439CE6322703C3700556C4B /* Info.plist */ = {isa = PBXFileReference; lastKnownFileType = text.plist.xml; path = Info.plist; sourceTree = "<group>"; };
		8439CE6822703C3700556C4B /* 5806021630053UITests.xctest */ = {isa = PBXFileReference; explicitFileType = wrapper.cfbundle; includeInIndex = 0; path = 5806021630053UITests.xctest; sourceTree = BUILT_PRODUCTS_DIR; };
		8439CE6C22703C3700556C4B /* _806021630053UITests.swift */ = {isa = PBXFileReference; lastKnownFileType = sourcecode.swift; path = _806021630053UITests.swift; sourceTree = "<group>"; };
		8439CE6E22703C3700556C4B /* Info.plist */ = {isa = PBXFileReference; lastKnownFileType = text.plist.xml; path = Info.plist; sourceTree = "<group>"; };
/* End PBXFileReference section */

/* Begin PBXFrameworksBuildPhase section */
		8439CE4322703C2F00556C4B /* Frameworks */ = {
			isa = PBXFrameworksBuildPhase;
			buildActionMask = 2147483647;
			files = (
			);
			runOnlyForDeploymentPostprocessing = 0;
		};
		8439CE5A22703C3700556C4B /* Frameworks */ = {
			isa = PBXFrameworksBuildPhase;
			buildActionMask = 2147483647;
			files = (
			);
			runOnlyForDeploymentPostprocessing = 0;
		};
		8439CE6522703C3700556C4B /* Frameworks */ = {
			isa = PBXFrameworksBuildPhase;
			buildActionMask = 2147483647;
			files = (
			);
			runOnlyForDeploymentPostprocessing = 0;
		};
/* End PBXFrameworksBuildPhase section */

/* Begin PBXGroup section */
		8439CE3D22703C2F00556C4B = {
			isa = PBXGroup;
			children = (
				8439CE4822703C2F00556C4B /* 5806021630053 */,
				8439CE6022703C3700556C4B /* 5806021630053Tests */,
				8439CE6B22703C3700556C4B /* 5806021630053UITests */,
				8439CE4722703C2F00556C4B /* Products */,
			);
			sourceTree = "<group>";
		};
		8439CE4722703C2F00556C4B /* Products */ = {
			isa = PBXGroup;
			children = (
				8439CE4622703C2F00556C4B /* 5806021630053.app */,
				8439CE5D22703C3700556C4B /* 5806021630053Tests.xctest */,
				8439CE6822703C3700556C4B /* 5806021630053UITests.xctest */,
			);
			name = Products;
			sourceTree = "<group>";
		};
		8439CE4822703C2F00556C4B /* 5806021630053 */ = {
			isa = PBXGroup;
			children = (
				8439CE4922703C2F00556C4B /* AppDelegate.swift */,
				8439CE4B22703C2F00556C4B /* ViewController.swift */,
				8439CE4D22703C2F00556C4B /* Main.storyboard */,
				8439CE5322703C3700556C4B /* Assets.xcassets */,
				8439CE5522703C3700556C4B /* LaunchScreen.storyboard */,
				8439CE5822703C3700556C4B /* Info.plist */,
				8439CE5022703C2F00556C4B /* _806021630053.xcdatamodeld */,
			);
			path = 5806021630053;
			sourceTree = "<group>";
		};
		8439CE6022703C3700556C4B /* 5806021630053Tests */ = {
			isa = PBXGroup;
			children = (
				8439CE6122703C3700556C4B /* _806021630053Tests.swift */,
				8439CE6322703C3700556C4B /* Info.plist */,
			);
			path = 5806021630053Tests;
			sourceTree = "<group>";
		};
		8439CE6B22703C3700556C4B /* 5806021630053UITests */ = {
			isa = PBXGroup;
			children = (
				8439CE6C22703C3700556C4B /* _806021630053UITests.swift */,
				8439CE6E22703C3700556C4B /* Info.plist */,
			);
			path = 5806021630053UITests;
			sourceTree = "<group>";
		};
/* End PBXGroup section */

/* Begin PBXNativeTarget section */
		8439CE4522703C2F00556C4B /* 5806021630053 */ = {
			isa = PBXNativeTarget;
			buildConfigurationList = 8439CE7122703C3700556C4B /* Build configuration list for PBXNativeTarget "5806021630053" */;
			buildPhases = (
				8439CE4222703C2F00556C4B /* Sources */,
				8439CE4322703C2F00556C4B /* Frameworks */,
				8439CE4422703C2F00556C4B /* Resources */,
			);
			buildRules = (
			);
			dependencies = (
			);
			name = 5806021630053;
			productName = 5806021630053;
			productReference = 8439CE4622703C2F00556C4B /* 5806021630053.app */;
			productType = "com.apple.product-type.application";
		};
		8439CE5C22703C3700556C4B /* 5806021630053Tests */ = {
			isa = PBXNativeTarget;
			buildConfigurationList = 8439CE7422703C3700556C4B /* Build configuration list for PBXNativeTarget "5806021630053Tests" */;
			buildPhases = (
				8439CE5922703C3700556C4B /* Sources */,
				8439CE5A22703C3700556C4B /* Frameworks */,
				8439CE5B22703C3700556C4B /* Resources */,
			);
			buildRules = (
			);
			dependencies = (
				8439CE5F22703C3700556C4B /* PBXTargetDependency */,
			);
			name = 5806021630053Tests;
			productName = 5806021630053Tests;
			productReference = 8439CE5D22703C3700556C4B /* 5806021630053Tests.xctest */;
			productType = "com.apple.product-type.bundle.unit-test";
		};
		8439CE6722703C3700556C4B /* 5806021630053UITests */ = {
			isa = PBXNativeTarget;
			buildConfigurationList = 8439CE7722703C3700556C4B /* Build configuration list for PBXNativeTarget "5806021630053UITests" */;
			buildPhases = (
				8439CE6422703C3700556C4B /* Sources */,
				8439CE6522703C3700556C4B /* Frameworks */,
				8439CE6622703C3700556C4B /* Resources */,
			);
			buildRules = (
			);
			dependencies = (
				8439CE6A22703C3700556C4B /* PBXTargetDependency */,
			);
			name = 5806021630053UITests;
			productName = 5806021630053UITests;
			productReference = 8439CE6822703C3700556C4B /* 5806021630053UITests.xctest */;
			productType = "com.apple.product-type.bundle.ui-testing";
		};
/* End PBXNativeTarget section */

/* Begin PBXProject section */
		8439CE3E22703C2F00556C4B /* Project object */ = {
			isa = PBXProject;
			attributes = {
				LastSwiftUpdateCheck = 1010;
				LastUpgradeCheck = 1010;
				ORGANIZATIONNAME = Admin;
				TargetAttributes = {
					8439CE4522703C2F00556C4B = {
						CreatedOnToolsVersion = 10.1;
					};
					8439CE5C22703C3700556C4B = {
						CreatedOnToolsVersion = 10.1;
						TestTargetID = 8439CE4522703C2F00556C4B;
					};
					8439CE6722703C3700556C4B = {
						CreatedOnToolsVersion = 10.1;
						TestTargetID = 8439CE4522703C2F00556C4B;
					};
				};
			};
			buildConfigurationList = 8439CE4122703C2F00556C4B /* Build configuration list for PBXProject "5806021630053" */;
			compatibilityVersion = "Xcode 9.3";
			developmentRegion = en;
			hasScannedForEncodings = 0;
			knownRegions = (
				en,
				Base,
			);
			mainGroup = 8439CE3D22703C2F00556C4B;
			productRefGroup = 8439CE4722703C2F00556C4B /* Products */;
			projectDirPath = "";
			projectRoot = "";
			targets = (
				8439CE4522703C2F00556C4B /* 5806021630053 */,
				8439CE5C22703C3700556C4B /* 5806021630053Tests */,
				8439CE6722703C3700556C4B /* 5806021630053UITests */,
			);
		};
/* End PBXProject section */

/* Begin PBXResourcesBuildPhase section */
		8439CE4422703C2F00556C4B /* Resources */ = {
			isa = PBXResourcesBuildPhase;
			buildActionMask = 2147483647;
			files = (
				8439CE5722703C3700556C4B /* LaunchScreen.storyboard in Resources */,
				8439CE5422703C3700556C4B /* Assets.xcassets in Resources */,
				8439CE4F22703C2F00556C4B /* Main.storyboard in Resources */,
			);
			runOnlyForDeploymentPostprocessing = 0;
		};
		8439CE5B22703C3700556C4B /* Resources */ = {
			isa = PBXResourcesBuildPhase;
			buildActionMask = 2147483647;
			files = (
			);
			runOnlyForDeploymentPostprocessing = 0;
		};
		8439CE6622703C3700556C4B /* Resources */ = {
			isa = PBXResourcesBuildPhase;
			buildActionMask = 2147483647;
			files = (
			);
			runOnlyForDeploymentPostprocessing = 0;
		};
/* End PBXResourcesBuildPhase section */

/* Begin PBXSourcesBuildPhase section */
		8439CE4222703C2F00556C4B /* Sources */ = {
			isa = PBXSourcesBuildPhase;
			buildActionMask = 2147483647;
			files = (
				8439CE4C22703C2F00556C4B /* ViewController.swift in Sources */,
				8439CE4A22703C2F00556C4B /* AppDelegate.swift in Sources */,
				8439CE5222703C2F00556C4B /* _806021630053.xcdatamodeld in Sources */,
			);
			runOnlyForDeploymentPostprocessing = 0;
		};
		8439CE5922703C3700556C4B /* Sources */ = {
			isa = PBXSourcesBuildPhase;
			buildActionMask = 2147483647;
			files = (
				8439CE6222703C3700556C4B /* _806021630053Tests.swift in Sources */,
			);
			runOnlyForDeploymentPostprocessing = 0;
		};
		8439CE6422703C3700556C4B /* Sources */ = {
			isa = PBXSourcesBuildPhase;
			buildActionMask = 2147483647;
			files = (
				8439CE6D22703C3700556C4B /* _806021630053UITests.swift in Sources */,
			);
			runOnlyForDeploymentPostprocessing = 0;
		};
/* End PBXSourcesBuildPhase section */

/* Begin PBXTargetDependency section */
		8439CE5F22703C3700556C4B /* PBXTargetDependency */ = {
			isa = PBXTargetDependency;
			target = 8439CE4522703C2F00556C4B /* 5806021630053 */;
			targetProxy = 8439CE5E22703C3700556C4B /* PBXContainerItemProxy */;
		};
		8439CE6A22703C3700556C4B /* PBXTargetDependency */ = {
			isa = PBXTargetDependency;
			target = 8439CE4522703C2F00556C4B /* 5806021630053 */;
			targetProxy = 8439CE6922703C3700556C4B /* PBXContainerItemProxy */;
		};
/* End PBXTargetDependency section */

/* Begin PBXVariantGroup section */
		8439CE4D22703C2F00556C4B /* Main.storyboard */ = {
			isa = PBXVariantGroup;
			children = (
				8439CE4E22703C2F00556C4B /* Base */,
			);
			name = Main.storyboard;
			sourceTree = "<group>";
		};
		8439CE5522703C3700556C4B /* LaunchScreen.storyboard */ = {
			isa = PBXVariantGroup;
			children = (
				8439CE5622703C3700556C4B /* Base */,
			);
			name = LaunchScreen.storyboard;
			sourceTree = "<group>";
		};
/* End PBXVariantGroup section */

/* Begin XCBuildConfiguration section */
		8439CE6F22703C3700556C4B /* Debug */ = {
			isa = XCBuildConfiguration;
			buildSettings = {
				ALWAYS_SEARCH_USER_PATHS = NO;
				CLANG_ANALYZER_NONNULL = YES;
				CLANG_ANALYZER_NUMBER_OBJECT_CONVERSION = YES_AGGRESSIVE;
				CLANG_CXX_LANGUAGE_STANDARD = "gnu++14";
				CLANG_CXX_LIBRARY = "libc++";
				CLANG_ENABLE_MODULES = YES;
				CLANG_ENABLE_OBJC_ARC = YES;
				CLANG_ENABLE_OBJC_WEAK = YES;
				CLANG_WARN_BLOCK_CAPTURE_AUTORELEASING = YES;
				CLANG_WARN_BOOL_CONVERSION = YES;
				CLANG_WARN_COMMA = YES;
				CLANG_WARN_CONSTANT_CONVERSION = YES;
				CLANG_WARN_DEPRECATED_OBJC_IMPLEMENTATIONS = YES;
				CLANG_WARN_DIRECT_OBJC_ISA_USAGE = YES_ERROR;
				CLANG_WARN_DOCUMENTATION_COMMENTS = YES;
				CLANG_WARN_EMPTY_BODY = YES;
				CLANG_WARN_ENUM_CONVERSION = YES;
				CLANG_WARN_INFINITE_RECURSION = YES;
				CLANG_WARN_INT_CONVERSION = YES;
				CLANG_WARN_NON_LITERAL_NULL_CONVERSION = YES;
				CLANG_WARN_OBJC_IMPLICIT_RETAIN_SELF = YES;
				CLANG_WARN_OBJC_LITERAL_CONVERSION = YES;
				CLANG_WARN_OBJC_ROOT_CLASS = YES_ERROR;
				CLANG_WARN_RANGE_LOOP_ANALYSIS = YES;
				CLANG_WARN_STRICT_PROTOTYPES = YES;
				CLANG_WARN_SUSPICIOUS_MOVE = YES;
				CLANG_WARN_UNGUARDED_AVAILABILITY = YES_AGGRESSIVE;
				CLANG_WARN_UNREACHABLE_CODE = YES;
				CLANG_WARN__DUPLICATE_METHOD_MATCH = YES;
				CODE_SIGN_IDENTITY = "iPhone Developer";
				COPY_PHASE_STRIP = NO;
				DEBUG_INFORMATION_FORMAT = dwarf;
				ENABLE_STRICT_OBJC_MSGSEND = YES;
				ENABLE_TESTABILITY = YES;
				GCC_C_LANGUAGE_STANDARD = gnu11;
				GCC_DYNAMIC_NO_PIC = NO;
				GCC_NO_COMMON_BLOCKS = YES;
				GCC_OPTIMIZATION_LEVEL = 0;
				GCC_PREPROCESSOR_DEFINITIONS = (
					"DEBUG=1",
					"$(inherited)",
				);
				GCC_WARN_64_TO_32_BIT_CONVERSION = YES;
				GCC_WARN_ABOUT_RETURN_TYPE = YES_ERROR;
				GCC_WARN_UNDECLARED_SELECTOR = YES;
				GCC_WARN_UNINITIALIZED_AUTOS = YES_AGGRESSIVE;
				GCC_WARN_UNUSED_FUNCTION = YES;
				GCC_WARN_UNUSED_VARIABLE = YES;
				IPHONEOS_DEPLOYMENT_TARGET = 12.1;
				MTL_ENABLE_DEBUG_INFO = INCLUDE_SOURCE;
				MTL_FAST_MATH = YES;
				ONLY_ACTIVE_ARCH = YES;
				SDKROOT = iphoneos;
				SWIFT_ACTIVE_COMPILATION_CONDITIONS = DEBUG;
				SWIFT_OPTIMIZATION_LEVEL = "-Onone";
			};
			name = Debug;
		};
		8439CE7022703C3700556C4B /* Release */ = {
			isa = XCBuildConfiguration;
			buildSettings = {
				ALWAYS_SEARCH_USER_PATHS = NO;
				CLANG_ANALYZER_NONNULL = YES;
				CLANG_ANALYZER_NUMBER_OBJECT_CONVERSION = YES_AGGRESSIVE;
				CLANG_CXX_LANGUAGE_STANDARD = "gnu++14";
				CLANG_CXX_LIBRARY = "libc++";
				CLANG_ENABLE_MODULES = YES;
				CLANG_ENABLE_OBJC_ARC = YES;
				CLANG_ENABLE_OBJC_WEAK = YES;
				CLANG_WARN_BLOCK_CAPTURE_AUTORELEASING = YES;
				CLANG_WARN_BOOL_CONVERSION = YES;
				CLANG_WARN_COMMA = YES;
				CLANG_WARN_CONSTANT_CONVERSION = YES;
				CLANG_WARN_DEPRECATED_OBJC_IMPLEMENTATIONS = YES;
				CLANG_WARN_DIRECT_OBJC_ISA_USAGE = YES_ERROR;
				CLANG_WARN_DOCUMENTATION_COMMENTS = YES;
				CLANG_WARN_EMPTY_BODY = YES;
				CLANG_WARN_ENUM_CONVERSION = YES;
				CLANG_WARN_INFINITE_RECURSION = YES;
				CLANG_WARN_INT_CONVERSION = YES;
				CLANG_WARN_NON_LITERAL_NULL_CONVERSION = YES;
				CLANG_WARN_OBJC_IMPLICIT_RETAIN_SELF = YES;
				CLANG_WARN_OBJC_LITERAL_CONVERSION = YES;
				CLANG_WARN_OBJC_ROOT_CLASS = YES_ERROR;
				CLANG_WARN_RANGE_LOOP_ANALYSIS = YES;
				CLANG_WARN_STRICT_PROTOTYPES = YES;
				CLANG_WARN_SUSPICIOUS_MOVE = YES;
				CLANG_WARN_UNGUARDED_AVAILABILITY = YES_AGGRESSIVE;
				CLANG_WARN_UNREACHABLE_CODE = YES;
				CLANG_WARN__DUPLICATE_METHOD_MATCH = YES;
				CODE_SIGN_IDENTITY = "iPhone Developer";
				COPY_PHASE_STRIP = NO;
				DEBUG_INFORMATION_FORMAT = "dwarf-with-dsym";
				ENABLE_NS_ASSERTIONS = NO;
				ENABLE_STRICT_OBJC_MSGSEND = YES;
				GCC_C_LANGUAGE_STANDARD = gnu11;
				GCC_NO_COMMON_BLOCKS = YES;
				GCC_WARN_64_TO_32_BIT_CONVERSION = YES;
				GCC_WARN_ABOUT_RETURN_TYPE = YES_ERROR;
				GCC_WARN_UNDECLARED_SELECTOR = YES;
				GCC_WARN_UNINITIALIZED_AUTOS = YES_AGGRESSIVE;
				GCC_WARN_UNUSED_FUNCTION = YES;
				GCC_WARN_UNUSED_VARIABLE = YES;
				IPHONEOS_DEPLOYMENT_TARGET = 12.1;
				MTL_ENABLE_DEBUG_INFO = NO;
				MTL_FAST_MATH = YES;
				SDKROOT = iphoneos;
				SWIFT_COMPILATION_MODE = wholemodule;
				SWIFT_OPTIMIZATION_LEVEL = "-O";
				VALIDATE_PRODUCT = YES;
			};
			name = Release;
		};
		8439CE7222703C3700556C4B /* Debug */ = {
			isa = XCBuildConfiguration;
			buildSettings = {
				ASSETCATALOG_COMPILER_APPICON_NAME = AppIcon;
				CODE_SIGN_STYLE = Automatic;
				INFOPLIST_FILE = 5806021630053/Info.plist;
				LD_RUNPATH_SEARCH_PATHS = (
					"$(inherited)",
					"@executable_path/Frameworks",
				);
				PRODUCT_BUNDLE_IDENTIFIER = "com.teeza.-806021630053";
				PRODUCT_NAME = "$(TARGET_NAME)";
				SWIFT_VERSION = 4.2;
				TARGETED_DEVICE_FAMILY = "1,2";
			};
			name = Debug;
		};
		8439CE7322703C3700556C4B /* Release */ = {
			isa = XCBuildConfiguration;
			buildSettings = {
				ASSETCATALOG_COMPILER_APPICON_NAME = AppIcon;
				CODE_SIGN_STYLE = Automatic;
				INFOPLIST_FILE = 5806021630053/Info.plist;
				LD_RUNPATH_SEARCH_PATHS = (
					"$(inherited)",
					"@executable_path/Frameworks",
				);
				PRODUCT_BUNDLE_IDENTIFIER = "com.teeza.-806021630053";
				PRODUCT_NAME = "$(TARGET_NAME)";
				SWIFT_VERSION = 4.2;
				TARGETED_DEVICE_FAMILY = "1,2";
			};
			name = Release;
		};
		8439CE7522703C3700556C4B /* Debug */ = {
			isa = XCBuildConfiguration;
			buildSettings = {
				ALWAYS_EMBED_SWIFT_STANDARD_LIBRARIES = YES;
				BUNDLE_LOADER = "$(TEST_HOST)";
				CODE_SIGN_STYLE = Automatic;
				INFOPLIST_FILE = 5806021630053Tests/Info.plist;
				LD_RUNPATH_SEARCH_PATHS = (
					"$(inherited)",
					"@executable_path/Frameworks",
					"@loader_path/Frameworks",
				);
				PRODUCT_BUNDLE_IDENTIFIER = "com.teeza.-806021630053Tests";
				PRODUCT_NAME = "$(TARGET_NAME)";
				SWIFT_VERSION = 4.2;
				TARGETED_DEVICE_FAMILY = "1,2";
				TEST_HOST = "$(BUILT_PRODUCTS_DIR)/5806021630053.app/5806021630053";
			};
			name = Debug;
		};
		8439CE7622703C3700556C4B /* Release */ = {
			isa = XCBuildConfiguration;
			buildSettings = {
				ALWAYS_EMBED_SWIFT_STANDARD_LIBRARIES = YES;
				BUNDLE_LOADER = "$(TEST_HOST)";
				CODE_SIGN_STYLE = Automatic;
				INFOPLIST_FILE = 5806021630053Tests/Info.plist;
				LD_RUNPATH_SEARCH_PATHS = (
					"$(inherited)",
					"@executable_path/Frameworks",
					"@loader_path/Frameworks",
				);
				PRODUCT_BUNDLE_IDENTIFIER = "com.teeza.-806021630053Tests";
				PRODUCT_NAME = "$(TARGET_NAME)";
				SWIFT_VERSION = 4.2;
				TARGETED_DEVICE_FAMILY = "1,2";
				TEST_HOST = "$(BUILT_PRODUCTS_DIR)/5806021630053.app/5806021630053";
			};
			name = Release;
		};
		8439CE7822703C3700556C4B /* Debug */ = {
			isa = XCBuildConfiguration;
			buildSettings = {
				ALWAYS_EMBED_SWIFT_STANDARD_LIBRARIES = YES;
				CODE_SIGN_STYLE = Automatic;
				INFOPLIST_FILE = 5806021630053UITests/Info.plist;
				LD_RUNPATH_SEARCH_PATHS = (
					"$(inherited)",
					"@executable_path/Frameworks",
					"@loader_path/Frameworks",
				);
				PRODUCT_BUNDLE_IDENTIFIER = "com.teeza.-806021630053UITests";
				PRODUCT_NAME = "$(TARGET_NAME)";
				SWIFT_VERSION = 4.2;
				TARGETED_DEVICE_FAMILY = "1,2";
				TEST_TARGET_NAME = 5806021630053;
			};
			name = Debug;
		};
		8439CE7922703C3700556C4B /* Release */ = {
			isa = XCBuildConfiguration;
			buildSettings = {
				ALWAYS_EMBED_SWIFT_STANDARD_LIBRARIES = YES;
				CODE_SIGN_STYLE = Automatic;
				INFOPLIST_FILE = 5806021630053UITests/Info.plist;
				LD_RUNPATH_SEARCH_PATHS = (
					"$(inherited)",
					"@executable_path/Frameworks",
					"@loader_path/Frameworks",
				);
				PRODUCT_BUNDLE_IDENTIFIER = "com.teeza.-806021630053UITests";
				PRODUCT_NAME = "$(TARGET_NAME)";
				SWIFT_VERSION = 4.2;
				TARGETED_DEVICE_FAMILY = "1,2";
				TEST_TARGET_NAME = 5806021630053;
			};
			name = Release;
		};
/* End XCBuildConfiguration section */

/* Begin XCConfigurationList section */
		8439CE4122703C2F00556C4B /* Build configuration list for PBXProject "5806021630053" */ = {
			isa = XCConfigurationList;
			buildConfigurations = (
				8439CE6F22703C3700556C4B /* Debug */,
				8439CE7022703C3700556C4B /* Release */,
			);
			defaultConfigurationIsVisible = 0;
			defaultConfigurationName = Release;
		};
		8439CE7122703C3700556C4B /* Build configuration list for PBXNativeTarget "5806021630053" */ = {
			isa = XCConfigurationList;
			buildConfigurations = (
				8439CE7222703C3700556C4B /* Debug */,
				8439CE7322703C3700556C4B /* Release */,
			);
			defaultConfigurationIsVisible = 0;
			defaultConfigurationName = Release;
		};
		8439CE7422703C3700556C4B /* Build configuration list for PBXNativeTarget "5806021630053Tests" */ = {
			isa = XCConfigurationList;
			buildConfigurations = (
				8439CE7522703C3700556C4B /* Debug */,
				8439CE7622703C3700556C4B /* Release */,
			);
			defaultConfigurationIsVisible = 0;
			defaultConfigurationName = Release;
		};
		8439CE7722703C3700556C4B /* Build configuration list for PBXNativeTarget "5806021630053UITests" */ = {
			isa = XCConfigurationList;
			buildConfigurations = (
				8439CE7822703C3700556C4B /* Debug */,
				8439CE7922703C3700556C4B /* Release */,
			);
			defaultConfigurationIsVisible = 0;
			defaultConfigurationName = Release;
		};
/* End XCConfigurationList section */

/* Begin XCVersionGroup section */
		8439CE5022703C2F00556C4B /* _806021630053.xcdatamodeld */ = {
			isa = XCVersionGroup;
			children = (
				8439CE5122703C2F00556C4B /* _806021630053.xcdatamodel */,
			);
			currentVersion = 8439CE5122703C2F00556C4B /* _806021630053.xcdatamodel */;
			path = _806021630053.xcdatamodeld;
			sourceTree = "<group>";
			versionGroupType = wrapper.xcdatamodel;
		};
/* End XCVersionGroup section */
	};
	rootObject = 8439CE3E22703C2F00556C4B /* Project object */;
}
